
Microsoft Visual Studio Solution File, Format Version 12.00
# Visual Studio Version 17
VisualStudioVersion = 17.8.34309.116
MinimumVisualStudioVersion = 10.0.40219.1
Project("{FAE04EC0-301F-11D3-BF4B-00C04F79EFBC}") = "SampleApp", "SampleApp\SampleApp.csproj", "{AD813612-01FE-4581-BFEA-D6F5580A5A11}"
EndProject
Global
	GlobalSection(SolutionConfigurationPlatforms) = preSolution
		Debug|Any CPU = Debug|Any CPU
		Release|Any CPU = Release|Any CPU
	EndGlobalSection
	GlobalSection(ProjectConfigurationPlatforms) = postSolution
		{AD813612-01FE-4581-BFEA-D6F5580A5A11}.Debug|Any CPU.ActiveCfg = Debug|Any CPU
		{AD813612-01FE-4581-BFEA-D6F5580A5A11}.Debug|Any CPU.Build.0 = Debug|Any CPU
		{AD813612-01FE-4581-BFEA-D6F5580A5A11}.Release|Any CPU.ActiveCfg = Release|Any CPU
		{AD813612-01FE-4581-BFEA-D6F5580A5A11}.Release|Any CPU.Build.0 = Release|Any CPU
	EndGlobalSection
	GlobalSection(SolutionProperties) = preSolution
		HideSolutionNode = FALSE
	EndGlobalSection
	GlobalSection(ExtensibilityGlobals) = postSolution
		SolutionGuid = {209D7CF5-10AF-42DB-BE1B-48B31CA5275A}
	EndGlobalSection
EndGlobal
